# This file is autogenerated, do not edit; changes may be undone by the next 'dep ensure'.


[[projects]]
  digest = "1:b16fbfbcc20645cb419f78325bb2e85ec729b338e996a228124d68931a6f2a37"
  name = "github.com/BurntSushi/toml"
  packages = ["."]
  pruneopts = "UT"
  revision = "b26d9c308763d68093482582cea63d69be07a0f0"
  version = "v0.3.0"

[[projects]]
  digest = "1:f11813cd62ed3f8c1e8814d71a3da8462a200fe1053bef79c2c5ef162bc1acc7"
  name = "github.com/aws/aws-sdk-go"
  packages = [
    "aws",
    "aws/awserr",
    "aws/awsutil",
    "aws/client",
    "aws/client/metadata",
    "aws/corehandlers",
    "aws/credentials",
    "aws/credentials/ec2rolecreds",
    "aws/credentials/endpointcreds",
    "aws/credentials/stscreds",
    "aws/defaults",
    "aws/ec2metadata",
    "aws/endpoints",
    "aws/request",
    "aws/session",
    "aws/signer/v4",
    "internal/sdkio",
    "internal/sdkrand",
    "internal/shareddefaults",
    "private/protocol",
    "private/protocol/json/jsonutil",
    "private/protocol/jsonrpc",
    "private/protocol/query",
    "private/protocol/query/queryutil",
    "private/protocol/rest",
    "private/protocol/xml/xmlutil",
    "service/dynamodb",
    "service/ssm",
    "service/sts",
  ]
  pruneopts = "UT"
  revision = "94cafaad88022c44cb85d4998350b127845245ed"
  version = "v1.13.41"

[[projects]]
  digest = "1:ead5408d2d7324cbfd56920f27afcecef7b019bb3e93586cff5ca113a10b1ee9"
  name = "github.com/coreos/etcd"
  packages = [
    "auth/authpb",
    "client",
    "clientv3",
    "etcdserver/api/v3rpc/rpctypes",
    "etcdserver/etcdserverpb",
    "mvcc/mvccpb",
    "pkg/pathutil",
    "pkg/srv",
    "pkg/types",
    "version",
  ]
  pruneopts = "UT"
  revision = "fdde8705f5bf9a6d9dbfb0220caf2ee1ac816be8"
  version = "v3.3.4"

[[projects]]
  digest = "1:0ef770954bca104ee99b3b6b7f9b240605ac03517d9f98cbc1893daa03f3c038"
  name = "github.com/coreos/go-semver"
  packages = ["semver"]
  pruneopts = "UT"
  revision = "8ab6407b697782a06568d4b7f1db25550ec2e4c6"
  version = "v0.2.0"

[[projects]]
  digest = "1:abeb38ade3f32a92943e5be54f55ed6d6e3b6602761d74b4aab4c9dd45c18abd"
  name = "github.com/fsnotify/fsnotify"
  packages = ["."]
  pruneopts = "UT"
  revision = "c2828203cd70a50dcccfb2761f8b1f8ceef9a8e9"
  version = "v1.4.7"

[[projects]]
  digest = "1:0594af97b2f4cec6554086eeace6597e20a4b69466eb4ada25adf9f4300dddd2"
  name = "github.com/garyburd/redigo"
  packages = [
    "internal",
    "redis",
  ]
  pruneopts = "UT"
  revision = "a69d19351219b6dd56f274f96d85a7014a2ec34e"
  version = "v1.6.0"

[[projects]]
  digest = "1:4afe9b10ebaf13d77f8bad44b2af5a55c17699b375601a6383a671b0713845b9"
  name = "github.com/go-ini/ini"
  packages = ["."]
  pruneopts = "UT"
  revision = "6529cf7c58879c08d927016dde4477f18a0634cb"
  version = "v1.36.0"

[[projects]]
  digest = "1:8f13f978d35181fada0ea713c14a224f2b329fa91c13438b2811331ecd8b16e1"
  name = "github.com/gogo/protobuf"
  packages = [
    "gogoproto",
    "proto",
    "protoc-gen-gogo/descriptor",
  ]
  pruneopts = "UT"
  revision = "1adfc126b41513cc696b209667c8656ea7aac67c"
  version = "v1.0.0"

[[projects]]
  digest = "1:17fe264ee908afc795734e8c4e63db2accabaf57326dbf21763a7d6b86096260"
  name = "github.com/golang/protobuf"
  packages = [
    "proto",
    "ptypes",
    "ptypes/any",
    "ptypes/duration",
    "ptypes/timestamp",
  ]
  pruneopts = "UT"
  revision = "b4deda0973fb4c70b50d226b1af49f3da59f5265"
  version = "v1.1.0"

[[projects]]
  branch = "master"
  digest = "1:29a5ab9fa9e845fd8e8726f31b187d710afd271ef1eb32085fe3d604b7e06382"
  name = "github.com/golang/snappy"
  packages = ["."]
  pruneopts = "UT"
  revision = "553a641470496b2327abcac10b36396bd98e45c9"

[[projects]]
  digest = "1:7d9085638f210faa86720b5fe8c4cd9303edb853ed93929852a4384a4e6c956f"
  name = "github.com/hashicorp/consul"
  packages = ["api"]
  pruneopts = "UT"
  revision = "fb848fc48818f58690db09d14640513aa6bf3c02"
  version = "v1.0.7"

[[projects]]
  branch = "master"
  digest = "1:07671f8997086ed115824d1974507d2b147d1e0463675ea5dbf3be89b1c2c563"
  name = "github.com/hashicorp/errwrap"
  packages = ["."]
  pruneopts = "UT"
  revision = "7554cd9344cec97297fa6649b055a8c98c2a1e55"

[[projects]]
  branch = "master"
  digest = "1:77cb3be9b21ba7f1a4701e870c84ea8b66e7d74c7c8951c58155fdadae9414ec"
  name = "github.com/hashicorp/go-cleanhttp"
  packages = ["."]
  pruneopts = "UT"
  revision = "d5fe4b57a186c716b0e00b8c301cbd9b4182694d"

[[projects]]
  branch = "master"
  digest = "1:e5048c5da80697be2fcdecc944e29d2999e01fd7f48b643168443209779f3463"
  name = "github.com/hashicorp/go-multierror"
  packages = ["."]
  pruneopts = "UT"
  revision = "b7773ae218740a7be65057fc60b366a49b538a44"

[[projects]]
  branch = "master"
  digest = "1:45aad874d3c7d5e8610427c81870fb54970b981692930ec2a319ce4cb89d7a00"
  name = "github.com/hashicorp/go-rootcerts"
  packages = ["."]
  pruneopts = "UT"
  revision = "6bb64b370b90e7ef1fa532be9e591a81c3493e00"

[[projects]]
  branch = "master"
  digest = "1:14f2005c31ddf99c4a0f36fc440f8d1ac43224194c7c4a904b3c8f4ba5654d0b"
  name = "github.com/hashicorp/go-sockaddr"
  packages = ["."]
  pruneopts = "UT"
  revision = "6d291a969b86c4b633730bfc6b8b9d64c3aafed9"

[[projects]]
  branch = "master"
  digest = "1:12247a2e99a060cc692f6680e5272c8adf0b8f572e6bce0d7095e624c958a240"
  name = "github.com/hashicorp/hcl"
  packages = [
    ".",
    "hcl/ast",
    "hcl/parser",
    "hcl/scanner",
    "hcl/strconv",
    "hcl/token",
    "json/parser",
    "json/scanner",
    "json/token",
  ]
  pruneopts = "UT"
  revision = "ef8a98b0bbce4a65b5aa4c368430a80ddc533168"

[[projects]]
  digest = "1:0dd7b7b01769f9df356dc99f9e4144bdbabf6c79041ea7c0892379c5737f3c44"
  name = "github.com/hashicorp/serf"
  packages = ["coordinate"]
  pruneopts = "UT"
  revision = "d6574a5bb1226678d7010325fb6c985db20ee458"
  version = "v0.8.1"

[[projects]]
  digest = "1:2ebb9eead13916b4bdc5c3393b277e6b6795b4147dbec63b59040bfa3562e3ad"
  name = "github.com/hashicorp/vault"
  packages = [
    "api",
    "helper/compressutil",
    "helper/jsonutil",
    "helper/parseutil",
    "helper/strutil",
  ]
  pruneopts = "UT"
  revision = "756fdc4587350daf1c65b93647b2cc31a6f119cd"
  version = "v0.10.1"

[[projects]]
  digest = "1:e22af8c7518e1eab6f2eab2b7d7558927f816262586cd6ed9f349c97a6c285c4"
  name = "github.com/jmespath/go-jmespath"
  packages = ["."]
  pruneopts = "UT"
  revision = "0b12d6b5"

[[projects]]
  digest = "1:cf6ae68b48b1e1b23e7d67148d280e887f48a4860944531970b465e34286e423"
  name = "github.com/kelseyhightower/memkv"
  packages = ["."]
  pruneopts = "UT"
  revision = "892bfd468afa0fa476556e7bd7734a087cda08b3"
  version = "v0.1.1"

[[projects]]
  branch = "master"
  digest = "1:12ae6210bdbdad658a9a67fd95cd9c99f7fdbf12f6d36eaf0af704e69dacf4f5"
  name = "github.com/mitchellh/go-homedir"
  packages = ["."]
  pruneopts = "UT"
  revision = "b8bc1bf767474819792c23f32d8286a45736f1c6"

[[projects]]
  branch = "master"
  digest = "1:2514da1e59c0a936d8c1e0fbf5592267a3c5893eb4555ce767bb54d149e9cf6e"
  name = "github.com/mitchellh/mapstructure"
  packages = ["."]
  pruneopts = "UT"
  revision = "00c29f56e2386353d58c599509e8dc3801b0d716"

[[projects]]
  digest = "1:0e792eea6c96ec55ff302ef33886acbaa5006e900fefe82689e88d96439dcd84"
  name = "github.com/ryanuber/go-glob"
  packages = ["."]
  pruneopts = "UT"
  revision = "572520ed46dbddaed19ea3d9541bdd0494163693"
  version = "v0.1"

[[projects]]
  digest = "1:4d92d3bcd412de705100c10f0428a0b63b12f3d12455ebae46e9ea384c23b333"
  name = "github.com/samuel/go-zookeeper"
  packages = ["zk"]
  pruneopts = "UT"
  revision = "c4fab1ac1bec58281ad0667dc3f0907a9476ac47"

[[projects]]
  branch = "master"
  digest = "1:4ca145a665316d3c020a39c0741780fa3636b9152b824206796c4dce541f4a24"
  name = "github.com/sethgrid/pester"
  packages = ["."]
  pruneopts = "UT"
  revision = "03e26c9abbbf5accb8349790bf9f41bde09d72c3"

[[projects]]
  digest = "1:9e9193aa51197513b3abcb108970d831fbcf40ef96aa845c4f03276e1fa316d2"
  name = "github.com/sirupsen/logrus"
  packages = ["."]
  pruneopts = "UT"
  revision = "c155da19408a8799da419ed3eeb0cb5db0ad5dbc"
  version = "v1.0.5"

[[projects]]
  digest = "1:03aa6e485e528acb119fb32901cf99582c380225fc7d5a02758e08b180cb56c3"
  name = "github.com/ugorji/go"
  packages = ["codec"]
  pruneopts = "UT"
  revision = "b4c50a2b199d93b13dc15e78929cfb23bfdf21ab"
  version = "v1.1.1"

[[projects]]
  branch = "master"
  digest = "1:7429f71ba3d43a651c6dd1d6bc3c2e73cd63fae09d0eb8d3a6adeaeafa0fc415"
  name = "github.com/xordataexchange/crypt"
  packages = ["encoding/secconf"]
  pruneopts = "UT"
  revision = "b2862e3d0a775f18c7cfe02273500ae307b61218"

[[projects]]
  branch = "master"
  digest = "1:a770e9751a4444edbe84f11229ac31e5ba9df394d38626ade35ee936938a294d"
  name = "golang.org/x/crypto"
  packages = [
    "cast5",
    "openpgp",
    "openpgp/armor",
    "openpgp/elgamal",
    "openpgp/errors",
    "openpgp/packet",
    "openpgp/s2k",
    "ssh/terminal",
  ]
  pruneopts = "UT"
  revision = "1f94bef427e370e425e55b172f3b5e300ef38304"

[[projects]]
  branch = "master"
  digest = "1:9349bd005ea80ec1b37032d01daedc81168348a9c295f7846188adfb2f405554"
  name = "golang.org/x/net"
  packages = [
    "context",
    "http/httpguts",
    "http2",
    "http2/hpack",
    "idna",
    "internal/timeseries",
    "lex/httplex",
    "trace",
  ]
  pruneopts = "UT"
  revision = "640f4622ab692b87c2f3a94265e6f579fe38263d"

[[projects]]
  branch = "master"
  digest = "1:f188849a07aed244639654388dc775da034b17dab0890485e1e75c28e7a053ff"
  name = "golang.org/x/sys"
  packages = [
    "unix",
    "windows",
  ]
  pruneopts = "UT"
  revision = "6f686a352de66814cdd080d970febae7767857a3"

[[projects]]
  digest = "1:a2ab62866c75542dd18d2b069fec854577a20211d7c0ea6ae746072a1dccdd18"
  name = "golang.org/x/text"
  packages = [
    "collate",
    "collate/build",
    "internal/colltab",
    "internal/gen",
    "internal/tag",
    "internal/triegen",
    "internal/ucd",
    "language",
    "secure/bidirule",
    "transform",
    "unicode/bidi",
    "unicode/cldr",
    "unicode/norm",
    "unicode/rangetable",
  ]
  pruneopts = "UT"
  revision = "f21a4dfb5e38f5895301dc265a8def02365cc3d0"
  version = "v0.3.0"

[[projects]]
  branch = "master"
  digest = "1:cd018653a358d4b743a9d3bee89e825521f2ab2f2ec0770164bf7632d8d73ab7"
  name = "google.golang.org/genproto"
  packages = ["googleapis/rpc/status"]
  pruneopts = "UT"
  revision = "86e600f69ee4704c6efbf6a2a40a5c10700e76c2"

[[projects]]
  digest = "1:bbd9219ca27e0bc3a8d98bb599dff0eab24f39a8c9e519e6faa5b9a17598cc8d"
  name = "google.golang.org/grpc"
  packages = [
    ".",
    "balancer",
    "balancer/base",
    "balancer/roundrobin",
    "codes",
    "connectivity",
    "credentials",
    "encoding",
    "encoding/proto",
    "grpclb/grpc_lb_v1/messages",
    "grpclog",
    "health/grpc_health_v1",
    "internal",
    "keepalive",
    "metadata",
    "naming",
    "peer",
    "resolver",
    "resolver/dns",
    "resolver/passthrough",
    "stats",
    "status",
    "tap",
    "transport",
  ]
  pruneopts = "UT"
  revision = "d11072e7ca9811b1100b80ca0269ac831f06d024"
  version = "v1.11.3"

[[projects]]
  branch = "v2"
  digest = "1:4d2e5a73dc1500038e504a8d78b986630e3626dc027bc030ba5c75da257cdb96"
  name = "gopkg.in/yaml.v2"
  packages = ["."]
  pruneopts = "UT"
  revision = "51d6538a90f86fe93ac480b35f37b2be17fef232"

[solve-meta]
  analyzer-name = "dep"
  analyzer-version = 1
  input-imports = [
    "github.com/BurntSushi/toml",
    "github.com/aws/aws-sdk-go/aws",
    "github.com/aws/aws-sdk-go/aws/awserr",
    "github.com/aws/aws-sdk-go/aws/ec2metadata",
    "github.com/aws/aws-sdk-go/aws/session",
    "github.com/aws/aws-sdk-go/private/protocol/json/jsonutil",
    "github.com/aws/aws-sdk-go/service/dynamodb",
    "github.com/aws/aws-sdk-go/service/ssm",
    "github.com/coreos/etcd/client",
    "github.com/coreos/etcd/clientv3",
    "github.com/fsnotify/fsnotify",
    "github.com/garyburd/redigo/redis",
    "github.com/hashicorp/consul/api",
    "github.com/hashicorp/vault/api",
    "github.com/kelseyhightower/memkv",
    "github.com/samuel/go-zookeeper/zk",
    "github.com/sirupsen/logrus",
    "github.com/xordataexchange/crypt/encoding/secconf",
    "golang.org/x/net/context",
    "gopkg.in/yaml.v2",
  ]
  solver-name = "gps-cdcl"
  solver-version = 1
