# This file is autogenerated, do not edit; changes may be undone by the next 'dep ensure'.


[[projects]]
  name = "github.com/BurntSushi/toml"
  packages = ["."]
  revision = "b26d9c308763d68093482582cea63d69be07a0f0"
  version = "v0.3.0"

[[projects]]
  name = "github.com/PuerkitoBio/purell"
  packages = ["."]
  revision = "0bcb03f4b4d0a9428594752bd2a3b9aa0a9d4bd4"
  version = "v1.1.0"

[[projects]]
  branch = "master"
  name = "github.com/PuerkitoBio/urlesc"
  packages = ["."]
  revision = "de5bf2ad457846296e2031421a34e2568e304e35"

[[projects]]
  name = "github.com/Sirupsen/logrus"
  packages = ["."]
  revision = "f006c2ac4710855cf0f916dd6b77acf6b048dc6e"
  version = "v1.0.3"

[[projects]]
  name = "github.com/asaskevich/govalidator"
  packages = ["."]
  revision = "73945b6115bfbbcc57d89b7316e28109364124e1"
  version = "v7"

[[projects]]
  name = "github.com/aws/aws-sdk-go"
  packages = ["aws","aws/awserr","aws/awsutil","aws/client","aws/client/metadata","aws/corehandlers","aws/credentials","aws/credentials/ec2rolecreds","aws/credentials/endpointcreds","aws/credentials/stscreds","aws/defaults","aws/ec2metadata","aws/endpoints","aws/request","aws/session","aws/signer/v4","internal/shareddefaults","private/protocol","private/protocol/json/jsonutil","private/protocol/jsonrpc","private/protocol/query","private/protocol/query/queryutil","private/protocol/rest","private/protocol/xml/xmlutil","service/dynamodb","service/ssm","service/sts"]
  revision = "0bac5578f9a18b467487ee2dda67fedb328e9452"
  version = "v1.12.4"

[[projects]]
  name = "github.com/coreos/etcd"
  packages = ["auth/authpb","client","clientv3","etcdserver/api/v3rpc/rpctypes","etcdserver/etcdserverpb","mvcc/mvccpb","pkg/pathutil","pkg/srv","pkg/types","version"]
  revision = "e211fb6de3cb306aee245422e599ac521f6e21f7"
  version = "v3.2.8"

[[projects]]
  name = "github.com/coreos/go-semver"
  packages = ["semver"]
  revision = "8ab6407b697782a06568d4b7f1db25550ec2e4c6"
  version = "v0.2.0"

[[projects]]
  name = "github.com/davecgh/go-spew"
  packages = ["spew"]
  revision = "346938d642f2ec3594ed81d874461961cd0faa76"
  version = "v1.1.0"

[[projects]]
  name = "github.com/docker/distribution"
  packages = ["digest","reference"]
  revision = "48294d928ced5dd9b378f7fd7c6f5da3ff3f2c89"
  version = "v2.6.2"

[[projects]]
  name = "github.com/emicklei/go-restful"
  packages = [".","log"]
  revision = "5741799b275a3c4a5a9623a993576d7545cf7b5c"
  version = "v2.4.0"

[[projects]]
  name = "github.com/emicklei/go-restful-swagger12"
  packages = ["."]
  revision = "dcef7f55730566d41eae5db10e7d6981829720f6"
  version = "1.0.1"

[[projects]]
  name = "github.com/fatih/structs"
  packages = ["."]
  revision = "a720dfa8df582c51dee1b36feabb906bde1588bd"
  version = "v1.0"

[[projects]]
  name = "github.com/fsnotify/fsnotify"
  packages = ["."]
  revision = "629574ca2a5df945712d3079857300b5e4da0236"
  version = "v1.4.2"

[[projects]]
  name = "github.com/garyburd/redigo"
  packages = ["internal","redis"]
  revision = "433969511232c397de61b1442f9fd49ec06ae9ba"
  version = "v1.1.0"

[[projects]]
  name = "github.com/ghodss/yaml"
  packages = ["."]
  revision = "0ca9ea5df5451ffdf184b4428c902747c2c11cd7"
  version = "v1.0.0"

[[projects]]
  name = "github.com/go-ini/ini"
  packages = ["."]
  revision = "20b96f641a5ea98f2f8619ff4f3e061cff4833bd"
  version = "v1.28.2"

[[projects]]
  branch = "master"
  name = "github.com/go-openapi/analysis"
  packages = ["."]
  revision = "8ed83f2ea9f00f945516462951a288eaa68bf0d6"

[[projects]]
  branch = "master"
  name = "github.com/go-openapi/errors"
  packages = ["."]
  revision = "03cfca65330da08a5a440053faf994a3c682b5bf"

[[projects]]
  branch = "master"
  name = "github.com/go-openapi/jsonpointer"
  packages = ["."]
  revision = "779f45308c19820f1a69e9a4cd965f496e0da10f"

[[projects]]
  branch = "master"
  name = "github.com/go-openapi/jsonreference"
  packages = ["."]
  revision = "36d33bfe519efae5632669801b180bf1a245da3b"

[[projects]]
  branch = "master"
  name = "github.com/go-openapi/loads"
  packages = ["."]
  revision = "c3e1ca4c0b6160cac10aeef7e8b425cc95b9c820"

[[projects]]
  branch = "master"
  name = "github.com/go-openapi/spec"
  packages = ["."]
  revision = "84b5bee7bcb76f3d17bcbaf421bac44bd5709ca6"

[[projects]]
  branch = "master"
  name = "github.com/go-openapi/strfmt"
  packages = ["."]
  revision = "610b6cacdcde6852f4de68998bd20ce1dac85b22"

[[projects]]
  branch = "master"
  name = "github.com/go-openapi/swag"
  packages = ["."]
  revision = "f3f9494671f93fcff853e3c6e9e948b3eb71e590"

[[projects]]
  name = "github.com/gogo/protobuf"
  packages = ["proto","sortkeys"]
  revision = "342cbe0a04158f6dcb03ca0079991a51a4248c02"
  version = "v0.5"

[[projects]]
  branch = "master"
  name = "github.com/golang/glog"
  packages = ["."]
  revision = "23def4e6c14b4da8ac2ed8007337bc5eb5007998"

[[projects]]
  name = "github.com/golang/protobuf"
  packages = ["proto"]
  revision = "4bd1920723d7b7c925de087aa32e2187708897f7"

[[projects]]
  branch = "master"
  name = "github.com/golang/snappy"
  packages = ["."]
  revision = "553a641470496b2327abcac10b36396bd98e45c9"

[[projects]]
  branch = "master"
  name = "github.com/google/gofuzz"
  packages = ["."]
  revision = "24818f796faf91cd76ec7bddd72458fbced7a6c1"

[[projects]]
  name = "github.com/hashicorp/consul"
  packages = ["api"]
  revision = "112c0603d3d6fb23ab5f15e8fdb1a761da8eaf9a"
  version = "v0.9.3"

[[projects]]
  branch = "master"
  name = "github.com/hashicorp/errwrap"
  packages = ["."]
  revision = "7554cd9344cec97297fa6649b055a8c98c2a1e55"

[[projects]]
  branch = "master"
  name = "github.com/hashicorp/go-cleanhttp"
  packages = ["."]
  revision = "3573b8b52aa7b37b9358d966a898feb387f62437"

[[projects]]
  branch = "master"
  name = "github.com/hashicorp/go-multierror"
  packages = ["."]
  revision = "83588e72410abfbe4df460eeb6f30841ae47d4c4"

[[projects]]
  branch = "master"
  name = "github.com/hashicorp/go-rootcerts"
  packages = ["."]
  revision = "6bb64b370b90e7ef1fa532be9e591a81c3493e00"

[[projects]]
  branch = "master"
  name = "github.com/hashicorp/golang-lru"
  packages = [".","simplelru"]
  revision = "0a025b7e63adc15a622f29b0b2c4c3848243bbf6"

[[projects]]
  branch = "master"
  name = "github.com/hashicorp/hcl"
  packages = [".","hcl/ast","hcl/parser","hcl/scanner","hcl/strconv","hcl/token","json/parser","json/scanner","json/token"]
  revision = "68e816d1c783414e79bc65b3994d9ab6b0a722ab"

[[projects]]
  name = "github.com/hashicorp/serf"
  packages = ["coordinate"]
  revision = "d6574a5bb1226678d7010325fb6c985db20ee458"
  version = "v0.8.1"

[[projects]]
  name = "github.com/hashicorp/vault"
  packages = ["api","helper/compressutil","helper/jsonutil","helper/parseutil"]
  revision = "8d76a41854608c547a233f2e6292ae5355154695"
  version = "v0.8.1"

[[projects]]
  branch = "master"
  name = "github.com/howeyc/gopass"
  packages = ["."]
  revision = "bf9dde6d0d2c004a008c27aaee91170c786f6db8"

[[projects]]
  name = "github.com/imdario/mergo"
  packages = ["."]
  revision = "7fe0c75c13abdee74b09fcacef5ea1c6bba6a874"
  version = "0.2.4"

[[projects]]
  name = "github.com/jmespath/go-jmespath"
  packages = ["."]
  revision = "0b12d6b5"

[[projects]]
  branch = "master"
  name = "github.com/juju/ratelimit"
  packages = ["."]
  revision = "5b9ff866471762aa2ab2dced63c9fb6f53921342"

[[projects]]
  name = "github.com/kelseyhightower/memkv"
  packages = ["."]
  revision = "892bfd468afa0fa476556e7bd7734a087cda08b3"
  version = "v0.1.1"

[[projects]]
  branch = "master"
  name = "github.com/mailru/easyjson"
  packages = ["buffer","jlexer","jwriter"]
  revision = "efb36c3268025336c3cdd805e3be5f88d1f62b73"

[[projects]]
  branch = "master"
  name = "github.com/mitchellh/go-homedir"
  packages = ["."]
  revision = "b8bc1bf767474819792c23f32d8286a45736f1c6"

[[projects]]
  branch = "master"
  name = "github.com/mitchellh/mapstructure"
  packages = ["."]
  revision = "d0303fe809921458f417bcf828397a65db30a7e4"

[[projects]]
  branch = "master"
  name = "github.com/samuel/go-zookeeper"
  packages = ["zk"]
  revision = "e6b59f6144beb8570562539c1898a0b1fea34b41"

[[projects]]
  branch = "master"
  name = "github.com/sethgrid/pester"
  packages = ["."]
  revision = "0af5bab1e1ea2860c5aef8e77427bab011d774d8"

[[projects]]
  name = "github.com/spf13/pflag"
  packages = ["."]
  revision = "e57e3eeb33f795204c1ca35f56c44f83227c6e66"
  version = "v1.0.0"

[[projects]]
  name = "github.com/ugorji/go"
  packages = ["codec"]
  revision = "ded73eae5db7e7a0ef6f55aace87a2873c5d2b74"

[[projects]]
  branch = "master"
  name = "github.com/xordataexchange/crypt"
  packages = ["encoding/secconf"]
  revision = "b2862e3d0a775f18c7cfe02273500ae307b61218"

[[projects]]
  name = "golang.org/x/crypto"
  packages = ["cast5","openpgp","openpgp/armor","openpgp/elgamal","openpgp/errors","openpgp/packet","openpgp/s2k","ssh/terminal"]
  revision = "1351f936d976c60a0a48d728281922cf63eafb8d"

[[projects]]
  name = "golang.org/x/net"
  packages = ["context","http2","http2/hpack","idna","internal/timeseries","lex/httplex","trace"]
  revision = "c8c74377599bd978aee1cf3b9b63a8634051cec2"

[[projects]]
  name = "golang.org/x/sys"
  packages = ["unix"]
  revision = "e48874b42435b4347fc52bdee0424a52abc974d7"

[[projects]]
  branch = "master"
  name = "golang.org/x/text"
  packages = ["collate","collate/build","internal/colltab","internal/gen","internal/tag","internal/triegen","internal/ucd","language","secure/bidirule","transform","unicode/bidi","unicode/cldr","unicode/norm","unicode/rangetable","width"]
  revision = "1cbadb444a806fd9430d14ad08967ed91da4fa0a"

[[projects]]
  name = "google.golang.org/grpc"
  packages = [".","codes","credentials","grpclog","internal","keepalive","metadata","naming","peer","stats","tap","transport"]
  revision = "8050b9cbc271307e5a716a9d782803d09b0d6f2d"
  version = "v1.2.1"

[[projects]]
  name = "gopkg.in/inf.v0"
  packages = ["."]
  revision = "3887ee99ecf07df5b447e9b00d9c0b2adaa9f3e4"
  version = "v0.9.0"

[[projects]]
  branch = "v2"
  name = "gopkg.in/mgo.v2"
  packages = ["bson","internal/json"]
  revision = "3f83fa5005286a7fe593b055f0d7771a7dce4655"

[[projects]]
  branch = "v2"
  name = "gopkg.in/yaml.v2"
  packages = ["."]
  revision = "eb3733d160e74a9c7e442f435eb3bea458e1d19f"

[[projects]]
  name = "k8s.io/apimachinery"
  packages = ["pkg/api/equality","pkg/api/errors","pkg/api/meta","pkg/api/resource","pkg/apimachinery","pkg/apimachinery/announced","pkg/apimachinery/registered","pkg/apis/meta/v1","pkg/apis/meta/v1/unstructured","pkg/apis/meta/v1alpha1","pkg/conversion","pkg/conversion/queryparams","pkg/conversion/unstructured","pkg/fields","pkg/labels","pkg/openapi","pkg/runtime","pkg/runtime/schema","pkg/runtime/serializer","pkg/runtime/serializer/json","pkg/runtime/serializer/protobuf","pkg/runtime/serializer/recognizer","pkg/runtime/serializer/streaming","pkg/runtime/serializer/versioning","pkg/selection","pkg/types","pkg/util/cache","pkg/util/clock","pkg/util/diff","pkg/util/errors","pkg/util/framer","pkg/util/intstr","pkg/util/json","pkg/util/net","pkg/util/rand","pkg/util/runtime","pkg/util/sets","pkg/util/validation","pkg/util/validation/field","pkg/util/wait","pkg/util/yaml","pkg/version","pkg/watch","third_party/forked/golang/reflect"]
  revision = "1fd2e63a9a370677308a42f24fd40c86438afddf"

[[projects]]
  name = "k8s.io/client-go"
  packages = ["discovery","kubernetes","kubernetes/scheme","kubernetes/typed/admissionregistration/v1alpha1","kubernetes/typed/apps/v1beta1","kubernetes/typed/authentication/v1","kubernetes/typed/authentication/v1beta1","kubernetes/typed/authorization/v1","kubernetes/typed/authorization/v1beta1","kubernetes/typed/autoscaling/v1","kubernetes/typed/autoscaling/v2alpha1","kubernetes/typed/batch/v1","kubernetes/typed/batch/v2alpha1","kubernetes/typed/certificates/v1beta1","kubernetes/typed/core/v1","kubernetes/typed/extensions/v1beta1","kubernetes/typed/networking/v1","kubernetes/typed/policy/v1beta1","kubernetes/typed/rbac/v1alpha1","kubernetes/typed/rbac/v1beta1","kubernetes/typed/settings/v1alpha1","kubernetes/typed/storage/v1","kubernetes/typed/storage/v1beta1","pkg/api","pkg/api/v1","pkg/api/v1/ref","pkg/apis/admissionregistration","pkg/apis/admissionregistration/v1alpha1","pkg/apis/apps","pkg/apis/apps/v1beta1","pkg/apis/authentication","pkg/apis/authentication/v1","pkg/apis/authentication/v1beta1","pkg/apis/authorization","pkg/apis/authorization/v1","pkg/apis/authorization/v1beta1","pkg/apis/autoscaling","pkg/apis/autoscaling/v1","pkg/apis/autoscaling/v2alpha1","pkg/apis/batch","pkg/apis/batch/v1","pkg/apis/batch/v2alpha1","pkg/apis/certificates","pkg/apis/certificates/v1beta1","pkg/apis/extensions","pkg/apis/extensions/v1beta1","pkg/apis/networking","pkg/apis/networking/v1","pkg/apis/policy","pkg/apis/policy/v1beta1","pkg/apis/rbac","pkg/apis/rbac/v1alpha1","pkg/apis/rbac/v1beta1","pkg/apis/settings","pkg/apis/settings/v1alpha1","pkg/apis/storage","pkg/apis/storage/v1","pkg/apis/storage/v1beta1","pkg/util","pkg/util/parsers","pkg/version","rest","rest/watch","tools/auth","tools/cache","tools/clientcmd","tools/clientcmd/api","tools/clientcmd/api/latest","tools/clientcmd/api/v1","tools/metrics","transport","util/cert","util/flowcontrol","util/homedir","util/integer"]
  revision = "d92e8497f71b7b4e0494e5bd204b48d34bd6f254"
  version = "v4.0.0"

[solve-meta]
  analyzer-name = "dep"
  analyzer-version = 1
  inputs-digest = "e391cf9568533ecf5327234c467e1ac1a672b6ce513e1109525572f34e572262"
  solver-name = "gps-cdcl"
  solver-version = 1
